
Microsoft Visual Studio Solution File, Format Version 12.00
# Visual Studio Version 17
VisualStudioVersion = 17.3.32929.385
MinimumVisualStudioVersion = 10.0.40219.1
Project("{FAE04EC0-301F-11D3-BF4B-00C04F79EFBC}") = "DBTesting", "DBTesting\DBTesting.csproj", "{BADECB1B-A56E-4992-B374-4CA960176C54}"
EndProject
Global
	GlobalSection(SolutionConfigurationPlatforms) = preSolution
		Debug|Any CPU = Debug|Any CPU
		Release|Any CPU = Release|Any CPU
	EndGlobalSection
	GlobalSection(ProjectConfigurationPlatforms) = postSolution
		{BADECB1B-A56E-4992-B374-4CA960176C54}.Debug|Any CPU.ActiveCfg = Debug|Any CPU
		{BADECB1B-A56E-4992-B374-4CA960176C54}.Debug|Any CPU.Build.0 = Debug|Any CPU
		{BADECB1B-A56E-4992-B374-4CA960176C54}.Release|Any CPU.ActiveCfg = Release|Any CPU
		{BADECB1B-A56E-4992-B374-4CA960176C54}.Release|Any CPU.Build.0 = Release|Any CPU
	EndGlobalSection
	GlobalSection(SolutionProperties) = preSolution
		HideSolutionNode = FALSE
	EndGlobalSection
	GlobalSection(ExtensibilityGlobals) = postSolution
		SolutionGuid = {39C647D5-1353-4FA7-8D32-9E2F8244B56B}
	EndGlobalSection
EndGlobal
